
Microsoft Visual Studio Solution File, Format Version 12.00
# Visual Studio 15
VisualStudioVersion = 15.0.27004.2005
MinimumVisualStudioVersion = 10.0.40219.1
Project("{FAE04EC0-301F-11D3-BF4B-00C04F79EFBC}") = "QuestionannaireApp", "QuestionnaireApp\QuestionannaireApp.csproj", "{23285C44-A0F6-4FF1-B142-741D4285E039}"
EndProject
Project("{54435603-DBB4-11D2-8724-00A0C9A8B90C}") = "Setup", "Setup\Setup.vdproj", "{BC422100-1B34-4B67-B9A0-51138BB62766}"
EndProject
Global
	GlobalSection(SolutionConfigurationPlatforms) = preSolution
		Ad-Hoc|Any CPU = Ad-Hoc|Any CPU
		Ad-Hoc|iPhone = Ad-Hoc|iPhone
		Ad-Hoc|iPhoneSimulator = Ad-Hoc|iPhoneSimulator
		AppStore|Any CPU = AppStore|Any CPU
		AppStore|iPhone = AppStore|iPhone
		AppStore|iPhoneSimulator = AppStore|iPhoneSimulator
		Debug|Any CPU = Debug|Any CPU
		Debug|iPhone = Debug|iPhone
		Debug|iPhoneSimulator = Debug|iPhoneSimulator
		Release|Any CPU = Release|Any CPU
		Release|iPhone = Release|iPhone
		Release|iPhoneSimulator = Release|iPhoneSimulator
	EndGlobalSection
	GlobalSection(ProjectConfigurationPlatforms) = postSolution
		{23285C44-A0F6-4FF1-B142-741D4285E039}.Ad-Hoc|Any CPU.ActiveCfg = Release|Any CPU
		{23285C44-A0F6-4FF1-B142-741D4285E039}.Ad-Hoc|Any CPU.Build.0 = Release|Any CPU
		{23285C44-A0F6-4FF1-B142-741D4285E039}.Ad-Hoc|iPhone.ActiveCfg = Release|Any CPU
		{23285C44-A0F6-4FF1-B142-741D4285E039}.Ad-Hoc|iPhone.Build.0 = Release|Any CPU
		{23285C44-A0F6-4FF1-B142-741D4285E039}.Ad-Hoc|iPhoneSimulator.ActiveCfg = Release|Any CPU
		{23285C44-A0F6-4FF1-B142-741D4285E039}.Ad-Hoc|iPhoneSimulator.Build.0 = Release|Any CPU
		{23285C44-A0F6-4FF1-B142-741D4285E039}.AppStore|Any CPU.ActiveCfg = Release|Any CPU
		{23285C44-A0F6-4FF1-B142-741D4285E039}.AppStore|Any CPU.Build.0 = Release|Any CPU
		{23285C44-A0F6-4FF1-B142-741D4285E039}.AppStore|iPhone.ActiveCfg = Release|Any CPU
		{23285C44-A0F6-4FF1-B142-741D4285E039}.AppStore|iPhone.Build.0 = Release|Any CPU
		{23285C44-A0F6-4FF1-B142-741D4285E039}.AppStore|iPhoneSimulator.ActiveCfg = Release|Any CPU
		{23285C44-A0F6-4FF1-B142-741D4285E039}.AppStore|iPhoneSimulator.Build.0 = Release|Any CPU
		{23285C44-A0F6-4FF1-B142-741D4285E039}.Debug|Any CPU.ActiveCfg = Debug|Any CPU
		{23285C44-A0F6-4FF1-B142-741D4285E039}.Debug|Any CPU.Build.0 = Debug|Any CPU
		{23285C44-A0F6-4FF1-B142-741D4285E039}.Debug|iPhone.ActiveCfg = Debug|Any CPU
		{23285C44-A0F6-4FF1-B142-741D4285E039}.Debug|iPhone.Build.0 = Debug|Any CPU
		{23285C44-A0F6-4FF1-B142-741D4285E039}.Debug|iPhoneSimulator.ActiveCfg = Debug|Any CPU
		{23285C44-A0F6-4FF1-B142-741D4285E039}.Debug|iPhoneSimulator.Build.0 = Debug|Any CPU
		{23285C44-A0F6-4FF1-B142-741D4285E039}.Release|Any CPU.ActiveCfg = Release|Any CPU
		{23285C44-A0F6-4FF1-B142-741D4285E039}.Release|Any CPU.Build.0 = Release|Any CPU
		{23285C44-A0F6-4FF1-B142-741D4285E039}.Release|iPhone.ActiveCfg = Release|Any CPU
		{23285C44-A0F6-4FF1-B142-741D4285E039}.Release|iPhone.Build.0 = Release|Any CPU
		{23285C44-A0F6-4FF1-B142-741D4285E039}.Release|iPhoneSimulator.ActiveCfg = Release|Any CPU
		{23285C44-A0F6-4FF1-B142-741D4285E039}.Release|iPhoneSimulator.Build.0 = Release|Any CPU
		{BC422100-1B34-4B67-B9A0-51138BB62766}.Ad-Hoc|Any CPU.ActiveCfg = Release
		{BC422100-1B34-4B67-B9A0-51138BB62766}.Ad-Hoc|iPhone.ActiveCfg = Release
		{BC422100-1B34-4B67-B9A0-51138BB62766}.Ad-Hoc|iPhoneSimulator.ActiveCfg = Release
		{BC422100-1B34-4B67-B9A0-51138BB62766}.AppStore|Any CPU.ActiveCfg = Release
		{BC422100-1B34-4B67-B9A0-51138BB62766}.AppStore|iPhone.ActiveCfg = Release
		{BC422100-1B34-4B67-B9A0-51138BB62766}.AppStore|iPhoneSimulator.ActiveCfg = Release
		{BC422100-1B34-4B67-B9A0-51138BB62766}.Debug|Any CPU.ActiveCfg = Debug
		{BC422100-1B34-4B67-B9A0-51138BB62766}.Debug|iPhone.ActiveCfg = Debug
		{BC422100-1B34-4B67-B9A0-51138BB62766}.Debug|iPhoneSimulator.ActiveCfg = Debug
		{BC422100-1B34-4B67-B9A0-51138BB62766}.Release|Any CPU.ActiveCfg = Release
		{BC422100-1B34-4B67-B9A0-51138BB62766}.Release|iPhone.ActiveCfg = Release
		{BC422100-1B34-4B67-B9A0-51138BB62766}.Release|iPhoneSimulator.ActiveCfg = Release
	EndGlobalSection
	GlobalSection(SolutionProperties) = preSolution
		HideSolutionNode = FALSE
	EndGlobalSection
	GlobalSection(ExtensibilityGlobals) = postSolution
		SolutionGuid = {9002CCEF-B3DB-48EA-BB57-DF301412CE49}
	EndGlobalSection
EndGlobal
