
Microsoft Visual Studio Solution File, Format Version 12.00
# Visual Studio 15
VisualStudioVersion = 15.0.27004.2005
MinimumVisualStudioVersion = 10.0.40219.1
Project("{FAE04EC0-301F-11D3-BF4B-00C04F79EFBC}") = "QuestionannaireApp", "QuestionnaireApp\QuestionannaireApp.csproj", "{23285C44-A0F6-4FF1-B142-741D4285E039}"
EndProject
Project("{FAE04EC0-301F-11D3-BF4B-00C04F79EFBC}") = "QuestionnaireAndroidApp", "QuestionnaireAndroidApp\QuestionnaireAndroidApp.csproj", "{6001EB6F-BD63-4E93-BE39-815661ECB8AD}"
EndProject
Global
	GlobalSection(SolutionConfigurationPlatforms) = preSolution
		Ad-Hoc|Any CPU = Ad-Hoc|Any CPU
		Ad-Hoc|iPhone = Ad-Hoc|iPhone
		Ad-Hoc|iPhoneSimulator = Ad-Hoc|iPhoneSimulator
		AppStore|Any CPU = AppStore|Any CPU
		AppStore|iPhone = AppStore|iPhone
		AppStore|iPhoneSimulator = AppStore|iPhoneSimulator
		Debug|Any CPU = Debug|Any CPU
		Debug|iPhone = Debug|iPhone
		Debug|iPhoneSimulator = Debug|iPhoneSimulator
		Release|Any CPU = Release|Any CPU
		Release|iPhone = Release|iPhone
		Release|iPhoneSimulator = Release|iPhoneSimulator
	EndGlobalSection
	GlobalSection(ProjectConfigurationPlatforms) = postSolution
		{23285C44-A0F6-4FF1-B142-741D4285E039}.Ad-Hoc|Any CPU.ActiveCfg = Release|Any CPU
		{23285C44-A0F6-4FF1-B142-741D4285E039}.Ad-Hoc|Any CPU.Build.0 = Release|Any CPU
		{23285C44-A0F6-4FF1-B142-741D4285E039}.Ad-Hoc|iPhone.ActiveCfg = Release|Any CPU
		{23285C44-A0F6-4FF1-B142-741D4285E039}.Ad-Hoc|iPhone.Build.0 = Release|Any CPU
		{23285C44-A0F6-4FF1-B142-741D4285E039}.Ad-Hoc|iPhoneSimulator.ActiveCfg = Release|Any CPU
		{23285C44-A0F6-4FF1-B142-741D4285E039}.Ad-Hoc|iPhoneSimulator.Build.0 = Release|Any CPU
		{23285C44-A0F6-4FF1-B142-741D4285E039}.AppStore|Any CPU.ActiveCfg = Release|Any CPU
		{23285C44-A0F6-4FF1-B142-741D4285E039}.AppStore|Any CPU.Build.0 = Release|Any CPU
		{23285C44-A0F6-4FF1-B142-741D4285E039}.AppStore|iPhone.ActiveCfg = Release|Any CPU
		{23285C44-A0F6-4FF1-B142-741D4285E039}.AppStore|iPhone.Build.0 = Release|Any CPU
		{23285C44-A0F6-4FF1-B142-741D4285E039}.AppStore|iPhoneSimulator.ActiveCfg = Release|Any CPU
		{23285C44-A0F6-4FF1-B142-741D4285E039}.AppStore|iPhoneSimulator.Build.0 = Release|Any CPU
		{23285C44-A0F6-4FF1-B142-741D4285E039}.Debug|Any CPU.ActiveCfg = Debug|Any CPU
		{23285C44-A0F6-4FF1-B142-741D4285E039}.Debug|Any CPU.Build.0 = Debug|Any CPU
		{23285C44-A0F6-4FF1-B142-741D4285E039}.Debug|iPhone.ActiveCfg = Debug|Any CPU
		{23285C44-A0F6-4FF1-B142-741D4285E039}.Debug|iPhone.Build.0 = Debug|Any CPU
		{23285C44-A0F6-4FF1-B142-741D4285E039}.Debug|iPhoneSimulator.ActiveCfg = Debug|Any CPU
		{23285C44-A0F6-4FF1-B142-741D4285E039}.Debug|iPhoneSimulator.Build.0 = Debug|Any CPU
		{23285C44-A0F6-4FF1-B142-741D4285E039}.Release|Any CPU.ActiveCfg = Release|Any CPU
		{23285C44-A0F6-4FF1-B142-741D4285E039}.Release|Any CPU.Build.0 = Release|Any CPU
		{23285C44-A0F6-4FF1-B142-741D4285E039}.Release|iPhone.ActiveCfg = Release|Any CPU
		{23285C44-A0F6-4FF1-B142-741D4285E039}.Release|iPhone.Build.0 = Release|Any CPU
		{23285C44-A0F6-4FF1-B142-741D4285E039}.Release|iPhoneSimulator.ActiveCfg = Release|Any CPU
		{23285C44-A0F6-4FF1-B142-741D4285E039}.Release|iPhoneSimulator.Build.0 = Release|Any CPU
		{6001EB6F-BD63-4E93-BE39-815661ECB8AD}.Ad-Hoc|Any CPU.ActiveCfg = Release|Any CPU
		{6001EB6F-BD63-4E93-BE39-815661ECB8AD}.Ad-Hoc|Any CPU.Build.0 = Release|Any CPU
		{6001EB6F-BD63-4E93-BE39-815661ECB8AD}.Ad-Hoc|Any CPU.Deploy.0 = Release|Any CPU
		{6001EB6F-BD63-4E93-BE39-815661ECB8AD}.Ad-Hoc|iPhone.ActiveCfg = Release|Any CPU
		{6001EB6F-BD63-4E93-BE39-815661ECB8AD}.Ad-Hoc|iPhone.Build.0 = Release|Any CPU
		{6001EB6F-BD63-4E93-BE39-815661ECB8AD}.Ad-Hoc|iPhone.Deploy.0 = Release|Any CPU
		{6001EB6F-BD63-4E93-BE39-815661ECB8AD}.Ad-Hoc|iPhoneSimulator.ActiveCfg = Release|Any CPU
		{6001EB6F-BD63-4E93-BE39-815661ECB8AD}.Ad-Hoc|iPhoneSimulator.Build.0 = Release|Any CPU
		{6001EB6F-BD63-4E93-BE39-815661ECB8AD}.Ad-Hoc|iPhoneSimulator.Deploy.0 = Release|Any CPU
		{6001EB6F-BD63-4E93-BE39-815661ECB8AD}.AppStore|Any CPU.ActiveCfg = Release|Any CPU
		{6001EB6F-BD63-4E93-BE39-815661ECB8AD}.AppStore|Any CPU.Build.0 = Release|Any CPU
		{6001EB6F-BD63-4E93-BE39-815661ECB8AD}.AppStore|Any CPU.Deploy.0 = Release|Any CPU
		{6001EB6F-BD63-4E93-BE39-815661ECB8AD}.AppStore|iPhone.ActiveCfg = Release|Any CPU
		{6001EB6F-BD63-4E93-BE39-815661ECB8AD}.AppStore|iPhone.Build.0 = Release|Any CPU
		{6001EB6F-BD63-4E93-BE39-815661ECB8AD}.AppStore|iPhone.Deploy.0 = Release|Any CPU
		{6001EB6F-BD63-4E93-BE39-815661ECB8AD}.AppStore|iPhoneSimulator.ActiveCfg = Release|Any CPU
		{6001EB6F-BD63-4E93-BE39-815661ECB8AD}.AppStore|iPhoneSimulator.Build.0 = Release|Any CPU
		{6001EB6F-BD63-4E93-BE39-815661ECB8AD}.AppStore|iPhoneSimulator.Deploy.0 = Release|Any CPU
		{6001EB6F-BD63-4E93-BE39-815661ECB8AD}.Debug|Any CPU.ActiveCfg = Debug|Any CPU
		{6001EB6F-BD63-4E93-BE39-815661ECB8AD}.Debug|Any CPU.Build.0 = Debug|Any CPU
		{6001EB6F-BD63-4E93-BE39-815661ECB8AD}.Debug|Any CPU.Deploy.0 = Debug|Any CPU
		{6001EB6F-BD63-4E93-BE39-815661ECB8AD}.Debug|iPhone.ActiveCfg = Debug|Any CPU
		{6001EB6F-BD63-4E93-BE39-815661ECB8AD}.Debug|iPhone.Build.0 = Debug|Any CPU
		{6001EB6F-BD63-4E93-BE39-815661ECB8AD}.Debug|iPhone.Deploy.0 = Debug|Any CPU
		{6001EB6F-BD63-4E93-BE39-815661ECB8AD}.Debug|iPhoneSimulator.ActiveCfg = Debug|Any CPU
		{6001EB6F-BD63-4E93-BE39-815661ECB8AD}.Debug|iPhoneSimulator.Build.0 = Debug|Any CPU
		{6001EB6F-BD63-4E93-BE39-815661ECB8AD}.Debug|iPhoneSimulator.Deploy.0 = Debug|Any CPU
		{6001EB6F-BD63-4E93-BE39-815661ECB8AD}.Release|Any CPU.ActiveCfg = Release|Any CPU
		{6001EB6F-BD63-4E93-BE39-815661ECB8AD}.Release|Any CPU.Build.0 = Release|Any CPU
		{6001EB6F-BD63-4E93-BE39-815661ECB8AD}.Release|Any CPU.Deploy.0 = Release|Any CPU
		{6001EB6F-BD63-4E93-BE39-815661ECB8AD}.Release|iPhone.ActiveCfg = Release|Any CPU
		{6001EB6F-BD63-4E93-BE39-815661ECB8AD}.Release|iPhone.Build.0 = Release|Any CPU
		{6001EB6F-BD63-4E93-BE39-815661ECB8AD}.Release|iPhone.Deploy.0 = Release|Any CPU
		{6001EB6F-BD63-4E93-BE39-815661ECB8AD}.Release|iPhoneSimulator.ActiveCfg = Release|Any CPU
		{6001EB6F-BD63-4E93-BE39-815661ECB8AD}.Release|iPhoneSimulator.Build.0 = Release|Any CPU
		{6001EB6F-BD63-4E93-BE39-815661ECB8AD}.Release|iPhoneSimulator.Deploy.0 = Release|Any CPU
	EndGlobalSection
	GlobalSection(SolutionProperties) = preSolution
		HideSolutionNode = FALSE
	EndGlobalSection
	GlobalSection(ExtensibilityGlobals) = postSolution
		SolutionGuid = {9002CCEF-B3DB-48EA-BB57-DF301412CE49}
	EndGlobalSection
EndGlobal
